
Microsoft Visual Studio Solution File, Format Version 12.00
# Visual Studio 15
VisualStudioVersion = 15.0.26124.0
MinimumVisualStudioVersion = 15.0.26124.0
Project("{2150E333-8FDC-42A3-9474-1A3956D46DE8}") = "src", "src", "{550F51C5-0A39-40CC-8686-F377E5B5155C}"
EndProject
Project("{FAE04EC0-301F-11D3-BF4B-00C04F79EFBC}") = "Actio.Api", "src\Actio.Api\Actio.Api.csproj", "{D0A445A8-4838-4186-B0B3-BD36D70F8597}"
EndProject
Project("{FAE04EC0-301F-11D3-BF4B-00C04F79EFBC}") = "Actio.Common", "src\Actio.Common\Actio.Common.csproj", "{700944F7-DB1B-409F-A9F8-4F58FD6248E3}"
EndProject
Project("{FAE04EC0-301F-11D3-BF4B-00C04F79EFBC}") = "Actio.Services.Activities", "src\Actio.Services.Activities\Actio.Services.Activities.csproj", "{88B19E06-A2C9-45D9-8D54-DA23D3FAE6F7}"
EndProject
Project("{FAE04EC0-301F-11D3-BF4B-00C04F79EFBC}") = "Actio.Services.Identity", "src\Actio.Services.Identity\Actio.Services.Identity.csproj", "{594E856A-2528-4A60-8AB4-411459FF0DED}"
EndProject
Global
	GlobalSection(SolutionConfigurationPlatforms) = preSolution
		Debug|Any CPU = Debug|Any CPU
		Debug|x64 = Debug|x64
		Debug|x86 = Debug|x86
		Release|Any CPU = Release|Any CPU
		Release|x64 = Release|x64
		Release|x86 = Release|x86
	EndGlobalSection
	GlobalSection(SolutionProperties) = preSolution
		HideSolutionNode = FALSE
	EndGlobalSection
	GlobalSection(ProjectConfigurationPlatforms) = postSolution
		{D0A445A8-4838-4186-B0B3-BD36D70F8597}.Debug|Any CPU.ActiveCfg = Debug|Any CPU
		{D0A445A8-4838-4186-B0B3-BD36D70F8597}.Debug|Any CPU.Build.0 = Debug|Any CPU
		{D0A445A8-4838-4186-B0B3-BD36D70F8597}.Debug|x64.ActiveCfg = Debug|Any CPU
		{D0A445A8-4838-4186-B0B3-BD36D70F8597}.Debug|x64.Build.0 = Debug|Any CPU
		{D0A445A8-4838-4186-B0B3-BD36D70F8597}.Debug|x86.ActiveCfg = Debug|Any CPU
		{D0A445A8-4838-4186-B0B3-BD36D70F8597}.Debug|x86.Build.0 = Debug|Any CPU
		{D0A445A8-4838-4186-B0B3-BD36D70F8597}.Release|Any CPU.ActiveCfg = Release|Any CPU
		{D0A445A8-4838-4186-B0B3-BD36D70F8597}.Release|Any CPU.Build.0 = Release|Any CPU
		{D0A445A8-4838-4186-B0B3-BD36D70F8597}.Release|x64.ActiveCfg = Release|Any CPU
		{D0A445A8-4838-4186-B0B3-BD36D70F8597}.Release|x64.Build.0 = Release|Any CPU
		{D0A445A8-4838-4186-B0B3-BD36D70F8597}.Release|x86.ActiveCfg = Release|Any CPU
		{D0A445A8-4838-4186-B0B3-BD36D70F8597}.Release|x86.Build.0 = Release|Any CPU
		{700944F7-DB1B-409F-A9F8-4F58FD6248E3}.Debug|Any CPU.ActiveCfg = Debug|Any CPU
		{700944F7-DB1B-409F-A9F8-4F58FD6248E3}.Debug|Any CPU.Build.0 = Debug|Any CPU
		{700944F7-DB1B-409F-A9F8-4F58FD6248E3}.Debug|x64.ActiveCfg = Debug|Any CPU
		{700944F7-DB1B-409F-A9F8-4F58FD6248E3}.Debug|x64.Build.0 = Debug|Any CPU
		{700944F7-DB1B-409F-A9F8-4F58FD6248E3}.Debug|x86.ActiveCfg = Debug|Any CPU
		{700944F7-DB1B-409F-A9F8-4F58FD6248E3}.Debug|x86.Build.0 = Debug|Any CPU
		{700944F7-DB1B-409F-A9F8-4F58FD6248E3}.Release|Any CPU.ActiveCfg = Release|Any CPU
		{700944F7-DB1B-409F-A9F8-4F58FD6248E3}.Release|Any CPU.Build.0 = Release|Any CPU
		{700944F7-DB1B-409F-A9F8-4F58FD6248E3}.Release|x64.ActiveCfg = Release|Any CPU
		{700944F7-DB1B-409F-A9F8-4F58FD6248E3}.Release|x64.Build.0 = Release|Any CPU
		{700944F7-DB1B-409F-A9F8-4F58FD6248E3}.Release|x86.ActiveCfg = Release|Any CPU
		{700944F7-DB1B-409F-A9F8-4F58FD6248E3}.Release|x86.Build.0 = Release|Any CPU
		{88B19E06-A2C9-45D9-8D54-DA23D3FAE6F7}.Debug|Any CPU.ActiveCfg = Debug|Any CPU
		{88B19E06-A2C9-45D9-8D54-DA23D3FAE6F7}.Debug|Any CPU.Build.0 = Debug|Any CPU
		{88B19E06-A2C9-45D9-8D54-DA23D3FAE6F7}.Debug|x64.ActiveCfg = Debug|Any CPU
		{88B19E06-A2C9-45D9-8D54-DA23D3FAE6F7}.Debug|x64.Build.0 = Debug|Any CPU
		{88B19E06-A2C9-45D9-8D54-DA23D3FAE6F7}.Debug|x86.ActiveCfg = Debug|Any CPU
		{88B19E06-A2C9-45D9-8D54-DA23D3FAE6F7}.Debug|x86.Build.0 = Debug|Any CPU
		{88B19E06-A2C9-45D9-8D54-DA23D3FAE6F7}.Release|Any CPU.ActiveCfg = Release|Any CPU
		{88B19E06-A2C9-45D9-8D54-DA23D3FAE6F7}.Release|Any CPU.Build.0 = Release|Any CPU
		{88B19E06-A2C9-45D9-8D54-DA23D3FAE6F7}.Release|x64.ActiveCfg = Release|Any CPU
		{88B19E06-A2C9-45D9-8D54-DA23D3FAE6F7}.Release|x64.Build.0 = Release|Any CPU
		{88B19E06-A2C9-45D9-8D54-DA23D3FAE6F7}.Release|x86.ActiveCfg = Release|Any CPU
		{88B19E06-A2C9-45D9-8D54-DA23D3FAE6F7}.Release|x86.Build.0 = Release|Any CPU
		{594E856A-2528-4A60-8AB4-411459FF0DED}.Debug|Any CPU.ActiveCfg = Debug|Any CPU
		{594E856A-2528-4A60-8AB4-411459FF0DED}.Debug|Any CPU.Build.0 = Debug|Any CPU
		{594E856A-2528-4A60-8AB4-411459FF0DED}.Debug|x64.ActiveCfg = Debug|Any CPU
		{594E856A-2528-4A60-8AB4-411459FF0DED}.Debug|x64.Build.0 = Debug|Any CPU
		{594E856A-2528-4A60-8AB4-411459FF0DED}.Debug|x86.ActiveCfg = Debug|Any CPU
		{594E856A-2528-4A60-8AB4-411459FF0DED}.Debug|x86.Build.0 = Debug|Any CPU
		{594E856A-2528-4A60-8AB4-411459FF0DED}.Release|Any CPU.ActiveCfg = Release|Any CPU
		{594E856A-2528-4A60-8AB4-411459FF0DED}.Release|Any CPU.Build.0 = Release|Any CPU
		{594E856A-2528-4A60-8AB4-411459FF0DED}.Release|x64.ActiveCfg = Release|Any CPU
		{594E856A-2528-4A60-8AB4-411459FF0DED}.Release|x64.Build.0 = Release|Any CPU
		{594E856A-2528-4A60-8AB4-411459FF0DED}.Release|x86.ActiveCfg = Release|Any CPU
		{594E856A-2528-4A60-8AB4-411459FF0DED}.Release|x86.Build.0 = Release|Any CPU
	EndGlobalSection
	GlobalSection(NestedProjects) = preSolution
		{D0A445A8-4838-4186-B0B3-BD36D70F8597} = {550F51C5-0A39-40CC-8686-F377E5B5155C}
		{700944F7-DB1B-409F-A9F8-4F58FD6248E3} = {550F51C5-0A39-40CC-8686-F377E5B5155C}
		{88B19E06-A2C9-45D9-8D54-DA23D3FAE6F7} = {550F51C5-0A39-40CC-8686-F377E5B5155C}
		{594E856A-2528-4A60-8AB4-411459FF0DED} = {550F51C5-0A39-40CC-8686-F377E5B5155C}
	EndGlobalSection
EndGlobal
